// !$*UTF8*$!
{
	archiveVersion = 1;
	classes = {
	};
	objectVersion = 46;
	objects = {

/* Begin PBXBuildFile section */
		C2C49A5E1C085E2800F1AE21 /* main.m in Sources */ = {isa = PBXBuildFile; fileRef = C2C49A5D1C085E2800F1AE21 /* main.m */; };
		C2C49A611C085E2800F1AE21 /* AppDelegate.m in Sources */ = {isa = PBXBuildFile; fileRef = C2C49A601C085E2800F1AE21 /* AppDelegate.m */; };
		C2C49A641C085E2800F1AE21 /* ViewController.m in Sources */ = {isa = PBXBuildFile; fileRef = C2C49A631C085E2800F1AE21 /* ViewController.m */; };
		C2C49A671C085E2800F1AE21 /* Main.storyboard in Resources */ = {isa = PBXBuildFile; fileRef = C2C49A651C085E2800F1AE21 /* Main.storyboard */; };
		C2C49A691C085E2800F1AE21 /* Assets.xcassets in Resources */ = {isa = PBXBuildFile; fileRef = C2C49A681C085E2800F1AE21 /* Assets.xcassets */; };
		C2C49A6C1C085E2800F1AE21 /* LaunchScreen.storyboard in Resources */ = {isa = PBXBuildFile; fileRef = C2C49A6A1C085E2800F1AE21 /* LaunchScreen.storyboard */; };
		C2C49A771C085E2800F1AE21 /* YJMessageDemoTests.m in Sources */ = {isa = PBXBuildFile; fileRef = C2C49A761C085E2800F1AE21 /* YJMessageDemoTests.m */; };
		C2C49A821C085E2800F1AE21 /* YJMessageDemoUITests.m in Sources */ = {isa = PBXBuildFile; fileRef = C2C49A811C085E2800F1AE21 /* YJMessageDemoUITests.m */; };
		C2C49A981C085E6600F1AE21 /* YJMessage.m in Sources */ = {isa = PBXBuildFile; fileRef = C2C49A931C085E6600F1AE21 /* YJMessage.m */; };
		C2C49A991C085E6600F1AE21 /* YJMessageView.m in Sources */ = {isa = PBXBuildFile; fileRef = C2C49A951C085E6600F1AE21 /* YJMessageView.m */; };
		C2C49AA11C085EB100F1AE21 /* yjmessage_error.png in Resources */ = {isa = PBXBuildFile; fileRef = C2C49A9D1C085EB100F1AE21 /* yjmessage_error.png */; };
		C2C49AA21C085EB100F1AE21 /* yjmessage_info.png in Resources */ = {isa = PBXBuildFile; fileRef = C2C49A9E1C085EB100F1AE21 /* yjmessage_info.png */; };
		C2C49AA31C085EB100F1AE21 /* yjmessage_success.png in Resources */ = {isa = PBXBuildFile; fileRef = C2C49A9F1C085EB100F1AE21 /* yjmessage_success.png */; };
		C2C49AA41C085EB100F1AE21 /* yjmessage_warning.png in Resources */ = {isa = PBXBuildFile; fileRef = C2C49AA01C085EB100F1AE21 /* yjmessage_warning.png */; };
/* End PBXBuildFile section */

/* Begin PBXContainerItemProxy section */
		C2C49A731C085E2800F1AE21 /* PBXContainerItemProxy */ = {
			isa = PBXContainerItemProxy;
			containerPortal = C2C49A511C085E2800F1AE21 /* Project object */;
			proxyType = 1;
			remoteGlobalIDString = C2C49A581C085E2800F1AE21;
			remoteInfo = YJMessageDemo;
		};
		C2C49A7E1C085E2800F1AE21 /* PBXContainerItemProxy */ = {
			isa = PBXContainerItemProxy;
			containerPortal = C2C49A511C085E2800F1AE21 /* Project object */;
			proxyType = 1;
			remoteGlobalIDString = C2C49A581C085E2800F1AE21;
			remoteInfo = YJMessageDemo;
		};
/* End PBXContainerItemProxy section */

/* Begin PBXFileReference section */
		C2C49A591C085E2800F1AE21 /* YJMessageDemo.app */ = {isa = PBXFileReference; explicitFileType = wrapper.application; includeInIndex = 0; path = YJMessageDemo.app; sourceTree = BUILT_PRODUCTS_DIR; };
		C2C49A5D1C085E2800F1AE21 /* main.m */ = {isa = PBXFileReference; lastKnownFileType = sourcecode.c.objc; path = main.m; sourceTree = "<group>"; };
		C2C49A5F1C085E2800F1AE21 /* AppDelegate.h */ = {isa = PBXFileReference; lastKnownFileType = sourcecode.c.h; path = AppDelegate.h; sourceTree = "<group>"; };
		C2C49A601C085E2800F1AE21 /* AppDelegate.m */ = {isa = PBXFileReference; lastKnownFileType = sourcecode.c.objc; path = AppDelegate.m; sourceTree = "<group>"; };
		C2C49A621C085E2800F1AE21 /* ViewController.h */ = {isa = PBXFileReference; lastKnownFileType = sourcecode.c.h; path = ViewController.h; sourceTree = "<group>"; };
		C2C49A631C085E2800F1AE21 /* ViewController.m */ = {isa = PBXFileReference; lastKnownFileType = sourcecode.c.objc; path = ViewController.m; sourceTree = "<group>"; };
		C2C49A661C085E2800F1AE21 /* Base */ = {isa = PBXFileReference; lastKnownFileType = file.storyboard; name = Base; path = Base.lproj/Main.storyboard; sourceTree = "<group>"; };
		C2C49A681C085E2800F1AE21 /* Assets.xcassets */ = {isa = PBXFileReference; lastKnownFileType = folder.assetcatalog; path = Assets.xcassets; sourceTree = "<group>"; };
		C2C49A6B1C085E2800F1AE21 /* Base */ = {isa = PBXFileReference; lastKnownFileType = file.storyboard; name = Base; path = Base.lproj/LaunchScreen.storyboard; sourceTree = "<group>"; };
		C2C49A6D1C085E2800F1AE21 /* Info.plist */ = {isa = PBXFileReference; lastKnownFileType = text.plist.xml; path = Info.plist; sourceTree = "<group>"; };
		C2C49A721C085E2800F1AE21 /* YJMessageDemoTests.xctest */ = {isa = PBXFileReference; explicitFileType = wrapper.cfbundle; includeInIndex = 0; path = YJMessageDemoTests.xctest; sourceTree = BUILT_PRODUCTS_DIR; };
		C2C49A761C085E2800F1AE21 /* YJMessageDemoTests.m */ = {isa = PBXFileReference; lastKnownFileType = sourcecode.c.objc; path = YJMessageDemoTests.m; sourceTree = "<group>"; };
		C2C49A781C085E2800F1AE21 /* Info.plist */ = {isa = PBXFileReference; lastKnownFileType = text.plist.xml; path = Info.plist; sourceTree = "<group>"; };
		C2C49A7D1C085E2800F1AE21 /* YJMessageDemoUITests.xctest */ = {isa = PBXFileReference; explicitFileType = wrapper.cfbundle; includeInIndex = 0; path = YJMessageDemoUITests.xctest; sourceTree = BUILT_PRODUCTS_DIR; };
		C2C49A811C085E2800F1AE21 /* YJMessageDemoUITests.m */ = {isa = PBXFileReference; lastKnownFileType = sourcecode.c.objc; path = YJMessageDemoUITests.m; sourceTree = "<group>"; };
		C2C49A831C085E2800F1AE21 /* Info.plist */ = {isa = PBXFileReference; lastKnownFileType = text.plist.xml; path = Info.plist; sourceTree = "<group>"; };
		C2C49A921C085E6600F1AE21 /* YJMessage.h */ = {isa = PBXFileReference; fileEncoding = 4; lastKnownFileType = sourcecode.c.h; name = YJMessage.h; path = Classes/YJMessage.h; sourceTree = "<group>"; };
		C2C49A931C085E6600F1AE21 /* YJMessage.m */ = {isa = PBXFileReference; fileEncoding = 4; lastKnownFileType = sourcecode.c.objc; name = YJMessage.m; path = Classes/YJMessage.m; sourceTree = "<group>"; };
		C2C49A941C085E6600F1AE21 /* YJMessageView.h */ = {isa = PBXFileReference; fileEncoding = 4; lastKnownFileType = sourcecode.c.h; name = YJMessageView.h; path = Classes/YJMessageView.h; sourceTree = "<group>"; };
		C2C49A951C085E6600F1AE21 /* YJMessageView.m */ = {isa = PBXFileReference; fileEncoding = 4; lastKnownFileType = sourcecode.c.objc; name = YJMessageView.m; path = Classes/YJMessageView.m; sourceTree = "<group>"; };
		C2C49A9D1C085EB100F1AE21 /* yjmessage_error.png */ = {isa = PBXFileReference; lastKnownFileType = image.png; name = yjmessage_error.png; path = Classes/Resources/yjmessage_error.png; sourceTree = "<group>"; };
		C2C49A9E1C085EB100F1AE21 /* yjmessage_info.png */ = {isa = PBXFileReference; lastKnownFileType = image.png; name = yjmessage_info.png; path = Classes/Resources/yjmessage_info.png; sourceTree = "<group>"; };
		C2C49A9F1C085EB100F1AE21 /* yjmessage_success.png */ = {isa = PBXFileReference; lastKnownFileType = image.png; name = yjmessage_success.png; path = Classes/Resources/yjmessage_success.png; sourceTree = "<group>"; };
		C2C49AA01C085EB100F1AE21 /* yjmessage_warning.png */ = {isa = PBXFileReference; lastKnownFileType = image.png; name = yjmessage_warning.png; path = Classes/Resources/yjmessage_warning.png; sourceTree = "<group>"; };
/* End PBXFileReference section */

/* Begin PBXFrameworksBuildPhase section */
		C2C49A561C085E2800F1AE21 /* Frameworks */ = {
			isa = PBXFrameworksBuildPhase;
			buildActionMask = 2147483647;
			files = (
			);
			runOnlyForDeploymentPostprocessing = 0;
		};
		C2C49A6F1C085E2800F1AE21 /* Frameworks */ = {
			isa = PBXFrameworksBuildPhase;
			buildActionMask = 2147483647;
			files = (
			);
			runOnlyForDeploymentPostprocessing = 0;
		};
		C2C49A7A1C085E2800F1AE21 /* Frameworks */ = {
			isa = PBXFrameworksBuildPhase;
			buildActionMask = 2147483647;
			files = (
			);
			runOnlyForDeploymentPostprocessing = 0;
		};
/* End PBXFrameworksBuildPhase section */

/* Begin PBXGroup section */
		C2C49A501C085E2800F1AE21 = {
			isa = PBXGroup;
			children = (
				C2C49A8F1C085E4F00F1AE21 /* YJMessage */,
				C2C49A5B1C085E2800F1AE21 /* YJMessageDemo */,
				C2C49A751C085E2800F1AE21 /* YJMessageDemoTests */,
				C2C49A801C085E2800F1AE21 /* YJMessageDemoUITests */,
				C2C49A5A1C085E2800F1AE21 /* Products */,
			);
			sourceTree = "<group>";
		};
		C2C49A5A1C085E2800F1AE21 /* Products */ = {
			isa = PBXGroup;
			children = (
				C2C49A591C085E2800F1AE21 /* YJMessageDemo.app */,
				C2C49A721C085E2800F1AE21 /* YJMessageDemoTests.xctest */,
				C2C49A7D1C085E2800F1AE21 /* YJMessageDemoUITests.xctest */,
			);
			name = Products;
			sourceTree = "<group>";
		};
		C2C49A5B1C085E2800F1AE21 /* YJMessageDemo */ = {
			isa = PBXGroup;
			children = (
				C2C49A5F1C085E2800F1AE21 /* AppDelegate.h */,
				C2C49A601C085E2800F1AE21 /* AppDelegate.m */,
				C2C49A621C085E2800F1AE21 /* ViewController.h */,
				C2C49A631C085E2800F1AE21 /* ViewController.m */,
				C2C49A651C085E2800F1AE21 /* Main.storyboard */,
				C2C49A681C085E2800F1AE21 /* Assets.xcassets */,
				C2C49A6A1C085E2800F1AE21 /* LaunchScreen.storyboard */,
				C2C49A6D1C085E2800F1AE21 /* Info.plist */,
				C2C49A5C1C085E2800F1AE21 /* Supporting Files */,
			);
			path = YJMessageDemo;
			sourceTree = "<group>";
		};
		C2C49A5C1C085E2800F1AE21 /* Supporting Files */ = {
			isa = PBXGroup;
			children = (
				C2C49A5D1C085E2800F1AE21 /* main.m */,
			);
			name = "Supporting Files";
			sourceTree = "<group>";
		};
		C2C49A751C085E2800F1AE21 /* YJMessageDemoTests */ = {
			isa = PBXGroup;
			children = (
				C2C49A761C085E2800F1AE21 /* YJMessageDemoTests.m */,
				C2C49A781C085E2800F1AE21 /* Info.plist */,
			);
			path = YJMessageDemoTests;
			sourceTree = "<group>";
		};
		C2C49A801C085E2800F1AE21 /* YJMessageDemoUITests */ = {
			isa = PBXGroup;
			children = (
				C2C49A811C085E2800F1AE21 /* YJMessageDemoUITests.m */,
				C2C49A831C085E2800F1AE21 /* Info.plist */,
			);
			path = YJMessageDemoUITests;
			sourceTree = "<group>";
		};
		C2C49A8F1C085E4F00F1AE21 /* YJMessage */ = {
			isa = PBXGroup;
			children = (
				C2C49A9B1C085E8C00F1AE21 /* Resources */,
				C2C49A9A1C085E7500F1AE21 /* YJMessageView */,
				C2C49A921C085E6600F1AE21 /* YJMessage.h */,
				C2C49A931C085E6600F1AE21 /* YJMessage.m */,
			);
			name = YJMessage;
			sourceTree = "<group>";
		};
		C2C49A9A1C085E7500F1AE21 /* YJMessageView */ = {
			isa = PBXGroup;
			children = (
				C2C49A941C085E6600F1AE21 /* YJMessageView.h */,
				C2C49A951C085E6600F1AE21 /* YJMessageView.m */,
			);
			name = YJMessageView;
			sourceTree = "<group>";
		};
		C2C49A9B1C085E8C00F1AE21 /* Resources */ = {
			isa = PBXGroup;
			children = (
				C2C49A9D1C085EB100F1AE21 /* yjmessage_error.png */,
				C2C49A9E1C085EB100F1AE21 /* yjmessage_info.png */,
				C2C49A9F1C085EB100F1AE21 /* yjmessage_success.png */,
				C2C49AA01C085EB100F1AE21 /* yjmessage_warning.png */,
			);
			name = Resources;
			sourceTree = "<group>";
		};
/* End PBXGroup section */

/* Begin PBXNativeTarget section */
		C2C49A581C085E2800F1AE21 /* YJMessageDemo */ = {
			isa = PBXNativeTarget;
			buildConfigurationList = C2C49A861C085E2800F1AE21 /* Build configuration list for PBXNativeTarget "YJMessageDemo" */;
			buildPhases = (
				C2C49A551C085E2800F1AE21 /* Sources */,
				C2C49A561C085E2800F1AE21 /* Frameworks */,
				C2C49A571C085E2800F1AE21 /* Resources */,
			);
			buildRules = (
			);
			dependencies = (
			);
			name = YJMessageDemo;
			productName = YJMessageDemo;
			productReference = C2C49A591C085E2800F1AE21 /* YJMessageDemo.app */;
			productType = "com.apple.product-type.application";
		};
		C2C49A711C085E2800F1AE21 /* YJMessageDemoTests */ = {
			isa = PBXNativeTarget;
			buildConfigurationList = C2C49A891C085E2800F1AE21 /* Build configuration list for PBXNativeTarget "YJMessageDemoTests" */;
			buildPhases = (
				C2C49A6E1C085E2800F1AE21 /* Sources */,
				C2C49A6F1C085E2800F1AE21 /* Frameworks */,
				C2C49A701C085E2800F1AE21 /* Resources */,
			);
			buildRules = (
			);
			dependencies = (
				C2C49A741C085E2800F1AE21 /* PBXTargetDependency */,
			);
			name = YJMessageDemoTests;
			productName = YJMessageDemoTests;
			productReference = C2C49A721C085E2800F1AE21 /* YJMessageDemoTests.xctest */;
			productType = "com.apple.product-type.bundle.unit-test";
		};
		C2C49A7C1C085E2800F1AE21 /* YJMessageDemoUITests */ = {
			isa = PBXNativeTarget;
			buildConfigurationList = C2C49A8C1C085E2800F1AE21 /* Build configuration list for PBXNativeTarget "YJMessageDemoUITests" */;
			buildPhases = (
				C2C49A791C085E2800F1AE21 /* Sources */,
				C2C49A7A1C085E2800F1AE21 /* Frameworks */,
				C2C49A7B1C085E2800F1AE21 /* Resources */,
			);
			buildRules = (
			);
			dependencies = (
				C2C49A7F1C085E2800F1AE21 /* PBXTargetDependency */,
			);
			name = YJMessageDemoUITests;
			productName = YJMessageDemoUITests;
			productReference = C2C49A7D1C085E2800F1AE21 /* YJMessageDemoUITests.xctest */;
			productType = "com.apple.product-type.bundle.ui-testing";
		};
/* End PBXNativeTarget section */

/* Begin PBXProject section */
		C2C49A511C085E2800F1AE21 /* Project object */ = {
			isa = PBXProject;
			attributes = {
				LastUpgradeCheck = 0710;
				ORGANIZATIONNAME = Octree;
				TargetAttributes = {
					C2C49A581C085E2800F1AE21 = {
						CreatedOnToolsVersion = 7.1.1;
					};
					C2C49A711C085E2800F1AE21 = {
						CreatedOnToolsVersion = 7.1.1;
						TestTargetID = C2C49A581C085E2800F1AE21;
					};
					C2C49A7C1C085E2800F1AE21 = {
						CreatedOnToolsVersion = 7.1.1;
						TestTargetID = C2C49A581C085E2800F1AE21;
					};
				};
			};
			buildConfigurationList = C2C49A541C085E2800F1AE21 /* Build configuration list for PBXProject "YJMessageDemo" */;
			compatibilityVersion = "Xcode 3.2";
			developmentRegion = English;
			hasScannedForEncodings = 0;
			knownRegions = (
				en,
				Base,
			);
			mainGroup = C2C49A501C085E2800F1AE21;
			productRefGroup = C2C49A5A1C085E2800F1AE21 /* Products */;
			projectDirPath = "";
			projectRoot = "";
			targets = (
				C2C49A581C085E2800F1AE21 /* YJMessageDemo */,
				C2C49A711C085E2800F1AE21 /* YJMessageDemoTests */,
				C2C49A7C1C085E2800F1AE21 /* YJMessageDemoUITests */,
			);
		};
/* End PBXProject section */

/* Begin PBXResourcesBuildPhase section */
		C2C49A571C085E2800F1AE21 /* Resources */ = {
			isa = PBXResourcesBuildPhase;
			buildActionMask = 2147483647;
			files = (
				C2C49AA41C085EB100F1AE21 /* yjmessage_warning.png in Resources */,
				C2C49AA31C085EB100F1AE21 /* yjmessage_success.png in Resources */,
				C2C49A6C1C085E2800F1AE21 /* LaunchScreen.storyboard in Resources */,
				C2C49A691C085E2800F1AE21 /* Assets.xcassets in Resources */,
				C2C49AA21C085EB100F1AE21 /* yjmessage_info.png in Resources */,
				C2C49A671C085E2800F1AE21 /* Main.storyboard in Resources */,
				C2C49AA11C085EB100F1AE21 /* yjmessage_error.png in Resources */,
			);
			runOnlyForDeploymentPostprocessing = 0;
		};
		C2C49A701C085E2800F1AE21 /* Resources */ = {
			isa = PBXResourcesBuildPhase;
			buildActionMask = 2147483647;
			files = (
			);
			runOnlyForDeploymentPostprocessing = 0;
		};
		C2C49A7B1C085E2800F1AE21 /* Resources */ = {
			isa = PBXResourcesBuildPhase;
			buildActionMask = 2147483647;
			files = (
			);
			runOnlyForDeploymentPostprocessing = 0;
		};
/* End PBXResourcesBuildPhase section */

/* Begin PBXSourcesBuildPhase section */
		C2C49A551C085E2800F1AE21 /* Sources */ = {
			isa = PBXSourcesBuildPhase;
			buildActionMask = 2147483647;
			files = (
				C2C49A981C085E6600F1AE21 /* YJMessage.m in Sources */,
				C2C49A991C085E6600F1AE21 /* YJMessageView.m in Sources */,
				C2C49A641C085E2800F1AE21 /* ViewController.m in Sources */,
				C2C49A611C085E2800F1AE21 /* AppDelegate.m in Sources */,
				C2C49A5E1C085E2800F1AE21 /* main.m in Sources */,
			);
			runOnlyForDeploymentPostprocessing = 0;
		};
		C2C49A6E1C085E2800F1AE21 /* Sources */ = {
			isa = PBXSourcesBuildPhase;
			buildActionMask = 2147483647;
			files = (
				C2C49A771C085E2800F1AE21 /* YJMessageDemoTests.m in Sources */,
			);
			runOnlyForDeploymentPostprocessing = 0;
		};
		C2C49A791C085E2800F1AE21 /* Sources */ = {
			isa = PBXSourcesBuildPhase;
			buildActionMask = 2147483647;
			files = (
				C2C49A821C085E2800F1AE21 /* YJMessageDemoUITests.m in Sources */,
			);
			runOnlyForDeploymentPostprocessing = 0;
		};
/* End PBXSourcesBuildPhase section */

/* Begin PBXTargetDependency section */
		C2C49A741C085E2800F1AE21 /* PBXTargetDependency */ = {
			isa = PBXTargetDependency;
			target = C2C49A581C085E2800F1AE21 /* YJMessageDemo */;
			targetProxy = C2C49A731C085E2800F1AE21 /* PBXContainerItemProxy */;
		};
		C2C49A7F1C085E2800F1AE21 /* PBXTargetDependency */ = {
			isa = PBXTargetDependency;
			target = C2C49A581C085E2800F1AE21 /* YJMessageDemo */;
			targetProxy = C2C49A7E1C085E2800F1AE21 /* PBXContainerItemProxy */;
		};
/* End PBXTargetDependency section */

/* Begin PBXVariantGroup section */
		C2C49A651C085E2800F1AE21 /* Main.storyboard */ = {
			isa = PBXVariantGroup;
			children = (
				C2C49A661C085E2800F1AE21 /* Base */,
			);
			name = Main.storyboard;
			sourceTree = "<group>";
		};
		C2C49A6A1C085E2800F1AE21 /* LaunchScreen.storyboard */ = {
			isa = PBXVariantGroup;
			children = (
				C2C49A6B1C085E2800F1AE21 /* Base */,
			);
			name = LaunchScreen.storyboard;
			sourceTree = "<group>";
		};
/* End PBXVariantGroup section */

/* Begin XCBuildConfiguration section */
		C2C49A841C085E2800F1AE21 /* Debug */ = {
			isa = XCBuildConfiguration;
			buildSettings = {
				ALWAYS_SEARCH_USER_PATHS = NO;
				CLANG_CXX_LANGUAGE_STANDARD = "gnu++0x";
				CLANG_CXX_LIBRARY = "libc++";
				CLANG_ENABLE_MODULES = YES;
				CLANG_ENABLE_OBJC_ARC = YES;
				CLANG_WARN_BOOL_CONVERSION = YES;
				CLANG_WARN_CONSTANT_CONVERSION = YES;
				CLANG_WARN_DIRECT_OBJC_ISA_USAGE = YES_ERROR;
				CLANG_WARN_EMPTY_BODY = YES;
				CLANG_WARN_ENUM_CONVERSION = YES;
				CLANG_WARN_INT_CONVERSION = YES;
				CLANG_WARN_OBJC_ROOT_CLASS = YES_ERROR;
				CLANG_WARN_UNREACHABLE_CODE = YES;
				CLANG_WARN__DUPLICATE_METHOD_MATCH = YES;
				"CODE_SIGN_IDENTITY[sdk=iphoneos*]" = "iPhone Developer";
				COPY_PHASE_STRIP = NO;
				DEBUG_INFORMATION_FORMAT = dwarf;
				ENABLE_STRICT_OBJC_MSGSEND = YES;
				ENABLE_TESTABILITY = YES;
				GCC_C_LANGUAGE_STANDARD = gnu99;
				GCC_DYNAMIC_NO_PIC = NO;
				GCC_NO_COMMON_BLOCKS = YES;
				GCC_OPTIMIZATION_LEVEL = 0;
				GCC_PREPROCESSOR_DEFINITIONS = (
					"DEBUG=1",
					"$(inherited)",
				);
				GCC_WARN_64_TO_32_BIT_CONVERSION = YES;
				GCC_WARN_ABOUT_RETURN_TYPE = YES_ERROR;
				GCC_WARN_UNDECLARED_SELECTOR = YES;
				GCC_WARN_UNINITIALIZED_AUTOS = YES_AGGRESSIVE;
				GCC_WARN_UNUSED_FUNCTION = YES;
				GCC_WARN_UNUSED_VARIABLE = YES;
				IPHONEOS_DEPLOYMENT_TARGET = 9.1;
				MTL_ENABLE_DEBUG_INFO = YES;
				ONLY_ACTIVE_ARCH = YES;
				SDKROOT = iphoneos;
			};
			name = Debug;
		};
		C2C49A851C085E2800F1AE21 /* Release */ = {
			isa = XCBuildConfiguration;
			buildSettings = {
				ALWAYS_SEARCH_USER_PATHS = NO;
				CLANG_CXX_LANGUAGE_STANDARD = "gnu++0x";
				CLANG_CXX_LIBRARY = "libc++";
				CLANG_ENABLE_MODULES = YES;
				CLANG_ENABLE_OBJC_ARC = YES;
				CLANG_WARN_BOOL_CONVERSION = YES;
				CLANG_WARN_CONSTANT_CONVERSION = YES;
				CLANG_WARN_DIRECT_OBJC_ISA_USAGE = YES_ERROR;
				CLANG_WARN_EMPTY_BODY = YES;
				CLANG_WARN_ENUM_CONVERSION = YES;
				CLANG_WARN_INT_CONVERSION = YES;
				CLANG_WARN_OBJC_ROOT_CLASS = YES_ERROR;
				CLANG_WARN_UNREACHABLE_CODE = YES;
				CLANG_WARN__DUPLICATE_METHOD_MATCH = YES;
				"CODE_SIGN_IDENTITY[sdk=iphoneos*]" = "iPhone Developer";
				COPY_PHASE_STRIP = NO;
				DEBUG_INFORMATION_FORMAT = "dwarf-with-dsym";
				ENABLE_NS_ASSERTIONS = NO;
				ENABLE_STRICT_OBJC_MSGSEND = YES;
				GCC_C_LANGUAGE_STANDARD = gnu99;
				GCC_NO_COMMON_BLOCKS = YES;
				GCC_WARN_64_TO_32_BIT_CONVERSION = YES;
				GCC_WARN_ABOUT_RETURN_TYPE = YES_ERROR;
				GCC_WARN_UNDECLARED_SELECTOR = YES;
				GCC_WARN_UNINITIALIZED_AUTOS = YES_AGGRESSIVE;
				GCC_WARN_UNUSED_FUNCTION = YES;
				GCC_WARN_UNUSED_VARIABLE = YES;
				IPHONEOS_DEPLOYMENT_TARGET = 9.1;
				MTL_ENABLE_DEBUG_INFO = NO;
				SDKROOT = iphoneos;
				VALIDATE_PRODUCT = YES;
			};
			name = Release;
		};
		C2C49A871C085E2800F1AE21 /* Debug */ = {
			isa = XCBuildConfiguration;
			buildSettings = {
				ASSETCATALOG_COMPILER_APPICON_NAME = AppIcon;
				INFOPLIST_FILE = YJMessageDemo/Info.plist;
				LD_RUNPATH_SEARCH_PATHS = "$(inherited) @executable_path/Frameworks";
				PRODUCT_BUNDLE_IDENTIFIER = me.octree.YJMessageDemo;
				PRODUCT_NAME = "$(TARGET_NAME)";
			};
			name = Debug;
		};
		C2C49A881C085E2800F1AE21 /* Release */ = {
			isa = XCBuildConfiguration;
			buildSettings = {
				ASSETCATALOG_COMPILER_APPICON_NAME = AppIcon;
				INFOPLIST_FILE = YJMessageDemo/Info.plist;
				LD_RUNPATH_SEARCH_PATHS = "$(inherited) @executable_path/Frameworks";
				PRODUCT_BUNDLE_IDENTIFIER = me.octree.YJMessageDemo;
				PRODUCT_NAME = "$(TARGET_NAME)";
			};
			name = Release;
		};
		C2C49A8A1C085E2800F1AE21 /* Debug */ = {
			isa = XCBuildConfiguration;
			buildSettings = {
				BUNDLE_LOADER = "$(TEST_HOST)";
				INFOPLIST_FILE = YJMessageDemoTests/Info.plist;
				LD_RUNPATH_SEARCH_PATHS = "$(inherited) @executable_path/Frameworks @loader_path/Frameworks";
				PRODUCT_BUNDLE_IDENTIFIER = me.octree.YJMessageDemoTests;
				PRODUCT_NAME = "$(TARGET_NAME)";
				TEST_HOST = "$(BUILT_PRODUCTS_DIR)/YJMessageDemo.app/YJMessageDemo";
			};
			name = Debug;
		};
		C2C49A8B1C085E2800F1AE21 /* Release */ = {
			isa = XCBuildConfiguration;
			buildSettings = {
				BUNDLE_LOADER = "$(TEST_HOST)";
				INFOPLIST_FILE = YJMessageDemoTests/Info.plist;
				LD_RUNPATH_SEARCH_PATHS = "$(inherited) @executable_path/Frameworks @loader_path/Frameworks";
				PRODUCT_BUNDLE_IDENTIFIER = me.octree.YJMessageDemoTests;
				PRODUCT_NAME = "$(TARGET_NAME)";
				TEST_HOST = "$(BUILT_PRODUCTS_DIR)/YJMessageDemo.app/YJMessageDemo";
			};
			name = Release;
		};
		C2C49A8D1C085E2800F1AE21 /* Debug */ = {
			isa = XCBuildConfiguration;
			buildSettings = {
				INFOPLIST_FILE = YJMessageDemoUITests/Info.plist;
				LD_RUNPATH_SEARCH_PATHS = "$(inherited) @executable_path/Frameworks @loader_path/Frameworks";
				PRODUCT_BUNDLE_IDENTIFIER = me.octree.YJMessageDemoUITests;
				PRODUCT_NAME = "$(TARGET_NAME)";
				TEST_TARGET_NAME = YJMessageDemo;
				USES_XCTRUNNER = YES;
			};
			name = Debug;
		};
		C2C49A8E1C085E2800F1AE21 /* Release */ = {
			isa = XCBuildConfiguration;
			buildSettings = {
				INFOPLIST_FILE = YJMessageDemoUITests/Info.plist;
				LD_RUNPATH_SEARCH_PATHS = "$(inherited) @executable_path/Frameworks @loader_path/Frameworks";
				PRODUCT_BUNDLE_IDENTIFIER = me.octree.YJMessageDemoUITests;
				PRODUCT_NAME = "$(TARGET_NAME)";
				TEST_TARGET_NAME = YJMessageDemo;
				USES_XCTRUNNER = YES;
			};
			name = Release;
		};
/* End XCBuildConfiguration section */

/* Begin XCConfigurationList section */
		C2C49A541C085E2800F1AE21 /* Build configuration list for PBXProject "YJMessageDemo" */ = {
			isa = XCConfigurationList;
			buildConfigurations = (
				C2C49A841C085E2800F1AE21 /* Debug */,
				C2C49A851C085E2800F1AE21 /* Release */,
			);
			defaultConfigurationIsVisible = 0;
			defaultConfigurationName = Release;
		};
		C2C49A861C085E2800F1AE21 /* Build configuration list for PBXNativeTarget "YJMessageDemo" */ = {
			isa = XCConfigurationList;
			buildConfigurations = (
				C2C49A871C085E2800F1AE21 /* Debug */,
				C2C49A881C085E2800F1AE21 /* Release */,
			);
			defaultConfigurationIsVisible = 0;
		};
		C2C49A891C085E2800F1AE21 /* Build configuration list for PBXNativeTarget "YJMessageDemoTests" */ = {
			isa = XCConfigurationList;
			buildConfigurations = (
				C2C49A8A1C085E2800F1AE21 /* Debug */,
				C2C49A8B1C085E2800F1AE21 /* Release */,
			);
			defaultConfigurationIsVisible = 0;
		};
		C2C49A8C1C085E2800F1AE21 /* Build configuration list for PBXNativeTarget "YJMessageDemoUITests" */ = {
			isa = XCConfigurationList;
			buildConfigurations = (
				C2C49A8D1C085E2800F1AE21 /* Debug */,
				C2C49A8E1C085E2800F1AE21 /* Release */,
			);
			defaultConfigurationIsVisible = 0;
		};
/* End XCConfigurationList section */
	};
	rootObject = C2C49A511C085E2800F1AE21 /* Project object */;
}
